// !$*UTF8*$!
{
	archiveVersion = 1;
	classes = {
	};
	objectVersion = 56;
	objects = {

/* Begin PBXBuildFile section */
		9D19725D2C86DA7800C3685F /* GoogleService-Info.plist in Resources */ = {isa = PBXBuildFile; fileRef = 9D19725C2C86DA7800C3685F /* GoogleService-Info.plist */; };
		9D9358992C8735160078AE5A /* GiftNameClass.swift in Sources */ = {isa = PBXBuildFile; fileRef = 9D9358982C8735160078AE5A /* GiftNameClass.swift */; };
		B913C0982C493CC1000D0492 /* OhMyGiftAppApp.swift in Sources */ = {isa = PBXBuildFile; fileRef = B913C0972C493CC1000D0492 /* OhMyGiftAppApp.swift */; };
		B913C09A2C493CC1000D0492 /* ContentView.swift in Sources */ = {isa = PBXBuildFile; fileRef = B913C0992C493CC1000D0492 /* ContentView.swift */; };
		B913C09C2C493CC4000D0492 /* Assets.xcassets in Resources */ = {isa = PBXBuildFile; fileRef = B913C09B2C493CC4000D0492 /* Assets.xcassets */; };
		B913C09F2C493CC4000D0492 /* Preview Assets.xcassets in Resources */ = {isa = PBXBuildFile; fileRef = B913C09E2C493CC4000D0492 /* Preview Assets.xcassets */; };
		B913C0A62C4940BA000D0492 /* AppMainView.swift in Sources */ = {isa = PBXBuildFile; fileRef = B913C0A52C4940BA000D0492 /* AppMainView.swift */; };
		B913C0A82C494AA4000D0492 /* WishListCardView.swift in Sources */ = {isa = PBXBuildFile; fileRef = B913C0A72C494AA4000D0492 /* WishListCardView.swift */; };
		B913C0AA2C494AB6000D0492 /* WishView.swift in Sources */ = {isa = PBXBuildFile; fileRef = B913C0A92C494AB6000D0492 /* WishView.swift */; };
		B91F88802C87AA2F00519376 /* GiftPickerView.swift in Sources */ = {isa = PBXBuildFile; fileRef = B91F887F2C87AA2F00519376 /* GiftPickerView.swift */; };
		B934BD262C6043F6004F3B07 /* WishListDetailView.swift in Sources */ = {isa = PBXBuildFile; fileRef = B934BD252C6043F6004F3B07 /* WishListDetailView.swift */; };
		B934BD282C6427C2004F3B07 /* LogInView.swift in Sources */ = {isa = PBXBuildFile; fileRef = B934BD272C6427C2004F3B07 /* LogInView.swift */; };
		B934BD312C66E431004F3B07 /* ImagePicker.swift in Sources */ = {isa = PBXBuildFile; fileRef = B934BD302C66E431004F3B07 /* ImagePicker.swift */; };
		B934BD3A2C6A7307004F3B07 /* MainMessagesView.swift in Sources */ = {isa = PBXBuildFile; fileRef = B934BD392C6A7307004F3B07 /* MainMessagesView.swift */; };
		B934BD3D2C6BB192004F3B07 /* FirebaseManager.swift in Sources */ = {isa = PBXBuildFile; fileRef = B934BD3C2C6BB192004F3B07 /* FirebaseManager.swift */; };
		B934BD402C6C3883004F3B07 /* SDWebImageSwiftUI in Frameworks */ = {isa = PBXBuildFile; productRef = B934BD3F2C6C3883004F3B07 /* SDWebImageSwiftUI */; };
		B934BD432C719843004F3B07 /* ChatUser.swift in Sources */ = {isa = PBXBuildFile; fileRef = B934BD422C719843004F3B07 /* ChatUser.swift */; };
		B934BD452C719DCA004F3B07 /* CreateNewMessageView.swift in Sources */ = {isa = PBXBuildFile; fileRef = B934BD442C719DCA004F3B07 /* CreateNewMessageView.swift */; };
		B934BD472C742602004F3B07 /* ChatLogView.swift in Sources */ = {isa = PBXBuildFile; fileRef = B934BD462C742602004F3B07 /* ChatLogView.swift */; };
		B934BD4A2C77E718004F3B07 /* FirebaseAuth in Frameworks */ = {isa = PBXBuildFile; productRef = B934BD492C77E718004F3B07 /* FirebaseAuth */; };
		B934BD4C2C77E718004F3B07 /* FirebaseFirestore in Frameworks */ = {isa = PBXBuildFile; productRef = B934BD4B2C77E718004F3B07 /* FirebaseFirestore */; };
		B934BD4E2C77E718004F3B07 /* FirebaseStorage in Frameworks */ = {isa = PBXBuildFile; productRef = B934BD4D2C77E718004F3B07 /* FirebaseStorage */; };
		B97BC9212C81432000E7CF8A /* WishViewModel.swift in Sources */ = {isa = PBXBuildFile; fileRef = B97BC9202C81432000E7CF8A /* WishViewModel.swift */; };
		B97BC9252C8149CA00E7CF8A /* WishCardView.swift in Sources */ = {isa = PBXBuildFile; fileRef = B97BC9242C8149CA00E7CF8A /* WishCardView.swift */; };
		B97BC9272C814A3A00E7CF8A /* WishDetailView.swift in Sources */ = {isa = PBXBuildFile; fileRef = B97BC9262C814A3A00E7CF8A /* WishDetailView.swift */; };
		B9A4D4852C827ED200A75A65 /* ProfileView.swift in Sources */ = {isa = PBXBuildFile; fileRef = B9A4D4842C827ED200A75A65 /* ProfileView.swift */; };
		B9FE16892C796A8000C72A20 /* WishListView.swift in Sources */ = {isa = PBXBuildFile; fileRef = B9FE16882C796A8000C72A20 /* WishListView.swift */; };
		B9FE168B2C7B889C00C72A20 /* WishListViewModel.swift in Sources */ = {isa = PBXBuildFile; fileRef = B9FE168A2C7B889C00C72A20 /* WishListViewModel.swift */; };
		B9FE168D2C7BC13C00C72A20 /* WishListsRepository.swift in Sources */ = {isa = PBXBuildFile; fileRef = B9FE168C2C7BC13C00C72A20 /* WishListsRepository.swift */; };
		B9FE168F2C7D524E00C72A20 /* ChatUserRepository.swift in Sources */ = {isa = PBXBuildFile; fileRef = B9FE168E2C7D524E00C72A20 /* ChatUserRepository.swift */; };
		B9FE16912C7E2CCA00C72A20 /* WishListModel.swift in Sources */ = {isa = PBXBuildFile; fileRef = B9FE16902C7E2CCA00C72A20 /* WishListModel.swift */; };
		B9FE16932C7E2D4800C72A20 /* WishModel.swift in Sources */ = {isa = PBXBuildFile; fileRef = B9FE16922C7E2D4800C72A20 /* WishModel.swift */; };
		B9FE16992C7FD8C000C72A20 /* ImagesRepository.swift in Sources */ = {isa = PBXBuildFile; fileRef = B9FE16982C7FD8C000C72A20 /* ImagesRepository.swift */; };
		B9FE169B2C7FD90C00C72A20 /* LoadImageView.swift in Sources */ = {isa = PBXBuildFile; fileRef = B9FE169A2C7FD90C00C72A20 /* LoadImageView.swift */; };
		B9FE169F2C7FDC2C00C72A20 /* ButtonView.swift in Sources */ = {isa = PBXBuildFile; fileRef = B9FE169E2C7FDC2C00C72A20 /* ButtonView.swift */; };
		B9FE16A12C7FDCA200C72A20 /* WishListsDummyData.swift in Sources */ = {isa = PBXBuildFile; fileRef = B9FE16A02C7FDCA200C72A20 /* WishListsDummyData.swift */; };
/* End PBXBuildFile section */

/* Begin PBXFileReference section */
		9D19725C2C86DA7800C3685F /* GoogleService-Info.plist */ = {isa = PBXFileReference; fileEncoding = 4; lastKnownFileType = text.plist.xml; path = "GoogleService-Info.plist"; sourceTree = "<group>"; };
		9D9358982C8735160078AE5A /* GiftNameClass.swift */ = {isa = PBXFileReference; lastKnownFileType = sourcecode.swift; path = GiftNameClass.swift; sourceTree = "<group>"; };
		B913C0942C493CC1000D0492 /* OhMyGiftApp.app */ = {isa = PBXFileReference; explicitFileType = wrapper.application; includeInIndex = 0; path = OhMyGiftApp.app; sourceTree = BUILT_PRODUCTS_DIR; };
		B913C0972C493CC1000D0492 /* OhMyGiftAppApp.swift */ = {isa = PBXFileReference; lastKnownFileType = sourcecode.swift; path = OhMyGiftAppApp.swift; sourceTree = "<group>"; };
		B913C0992C493CC1000D0492 /* ContentView.swift */ = {isa = PBXFileReference; lastKnownFileType = sourcecode.swift; path = ContentView.swift; sourceTree = "<group>"; };
		B913C09B2C493CC4000D0492 /* Assets.xcassets */ = {isa = PBXFileReference; lastKnownFileType = folder.assetcatalog; path = Assets.xcassets; sourceTree = "<group>"; };
		B913C09E2C493CC4000D0492 /* Preview Assets.xcassets */ = {isa = PBXFileReference; lastKnownFileType = folder.assetcatalog; path = "Preview Assets.xcassets"; sourceTree = "<group>"; };
		B913C0A52C4940BA000D0492 /* AppMainView.swift */ = {isa = PBXFileReference; lastKnownFileType = sourcecode.swift; path = AppMainView.swift; sourceTree = "<group>"; };
		B913C0A72C494AA4000D0492 /* WishListCardView.swift */ = {isa = PBXFileReference; lastKnownFileType = sourcecode.swift; path = WishListCardView.swift; sourceTree = "<group>"; };
		B913C0A92C494AB6000D0492 /* WishView.swift */ = {isa = PBXFileReference; lastKnownFileType = sourcecode.swift; path = WishView.swift; sourceTree = "<group>"; };
		B91F887F2C87AA2F00519376 /* GiftPickerView.swift */ = {isa = PBXFileReference; lastKnownFileType = sourcecode.swift; path = GiftPickerView.swift; sourceTree = "<group>"; };
		B934BD252C6043F6004F3B07 /* WishListDetailView.swift */ = {isa = PBXFileReference; lastKnownFileType = sourcecode.swift; path = WishListDetailView.swift; sourceTree = "<group>"; };
		B934BD272C6427C2004F3B07 /* LogInView.swift */ = {isa = PBXFileReference; lastKnownFileType = sourcecode.swift; path = LogInView.swift; sourceTree = "<group>"; };
		B934BD302C66E431004F3B07 /* ImagePicker.swift */ = {isa = PBXFileReference; lastKnownFileType = sourcecode.swift; path = ImagePicker.swift; sourceTree = "<group>"; };
		B934BD392C6A7307004F3B07 /* MainMessagesView.swift */ = {isa = PBXFileReference; lastKnownFileType = sourcecode.swift; path = MainMessagesView.swift; sourceTree = "<group>"; };
		B934BD3C2C6BB192004F3B07 /* FirebaseManager.swift */ = {isa = PBXFileReference; lastKnownFileType = sourcecode.swift; path = FirebaseManager.swift; sourceTree = "<group>"; };
		B934BD422C719843004F3B07 /* ChatUser.swift */ = {isa = PBXFileReference; lastKnownFileType = sourcecode.swift; path = ChatUser.swift; sourceTree = "<group>"; };
		B934BD442C719DCA004F3B07 /* CreateNewMessageView.swift */ = {isa = PBXFileReference; lastKnownFileType = sourcecode.swift; path = CreateNewMessageView.swift; sourceTree = "<group>"; };
		B934BD462C742602004F3B07 /* ChatLogView.swift */ = {isa = PBXFileReference; lastKnownFileType = sourcecode.swift; path = ChatLogView.swift; sourceTree = "<group>"; };
		B97BC9202C81432000E7CF8A /* WishViewModel.swift */ = {isa = PBXFileReference; lastKnownFileType = sourcecode.swift; path = WishViewModel.swift; sourceTree = "<group>"; };
		B97BC9242C8149CA00E7CF8A /* WishCardView.swift */ = {isa = PBXFileReference; lastKnownFileType = sourcecode.swift; path = WishCardView.swift; sourceTree = "<group>"; };
		B97BC9262C814A3A00E7CF8A /* WishDetailView.swift */ = {isa = PBXFileReference; lastKnownFileType = sourcecode.swift; path = WishDetailView.swift; sourceTree = "<group>"; };
		B9A4D4842C827ED200A75A65 /* ProfileView.swift */ = {isa = PBXFileReference; lastKnownFileType = sourcecode.swift; path = ProfileView.swift; sourceTree = "<group>"; };
		B9FE16882C796A8000C72A20 /* WishListView.swift */ = {isa = PBXFileReference; lastKnownFileType = sourcecode.swift; path = WishListView.swift; sourceTree = "<group>"; };
		B9FE168A2C7B889C00C72A20 /* WishListViewModel.swift */ = {isa = PBXFileReference; lastKnownFileType = sourcecode.swift; path = WishListViewModel.swift; sourceTree = "<group>"; };
		B9FE168C2C7BC13C00C72A20 /* WishListsRepository.swift */ = {isa = PBXFileReference; lastKnownFileType = sourcecode.swift; path = WishListsRepository.swift; sourceTree = "<group>"; };
		B9FE168E2C7D524E00C72A20 /* ChatUserRepository.swift */ = {isa = PBXFileReference; lastKnownFileType = sourcecode.swift; path = ChatUserRepository.swift; sourceTree = "<group>"; };
		B9FE16902C7E2CCA00C72A20 /* WishListModel.swift */ = {isa = PBXFileReference; lastKnownFileType = sourcecode.swift; path = WishListModel.swift; sourceTree = "<group>"; };
		B9FE16922C7E2D4800C72A20 /* WishModel.swift */ = {isa = PBXFileReference; lastKnownFileType = sourcecode.swift; path = WishModel.swift; sourceTree = "<group>"; };
		B9FE16982C7FD8C000C72A20 /* ImagesRepository.swift */ = {isa = PBXFileReference; lastKnownFileType = sourcecode.swift; path = ImagesRepository.swift; sourceTree = "<group>"; };
		B9FE169A2C7FD90C00C72A20 /* LoadImageView.swift */ = {isa = PBXFileReference; lastKnownFileType = sourcecode.swift; path = LoadImageView.swift; sourceTree = "<group>"; };
		B9FE169E2C7FDC2C00C72A20 /* ButtonView.swift */ = {isa = PBXFileReference; lastKnownFileType = sourcecode.swift; path = ButtonView.swift; sourceTree = "<group>"; };
		B9FE16A02C7FDCA200C72A20 /* WishListsDummyData.swift */ = {isa = PBXFileReference; lastKnownFileType = sourcecode.swift; path = WishListsDummyData.swift; sourceTree = "<group>"; };
/* End PBXFileReference section */

/* Begin PBXFrameworksBuildPhase section */
		B913C0912C493CC1000D0492 /* Frameworks */ = {
			isa = PBXFrameworksBuildPhase;
			buildActionMask = 2147483647;
			files = (
				B934BD402C6C3883004F3B07 /* SDWebImageSwiftUI in Frameworks */,
				B934BD4E2C77E718004F3B07 /* FirebaseStorage in Frameworks */,
				B934BD4A2C77E718004F3B07 /* FirebaseAuth in Frameworks */,
				B934BD4C2C77E718004F3B07 /* FirebaseFirestore in Frameworks */,
			);
			runOnlyForDeploymentPostprocessing = 0;
		};
/* End PBXFrameworksBuildPhase section */

/* Begin PBXGroup section */
		B913C08B2C493CC1000D0492 = {
			isa = PBXGroup;
			children = (
				B913C0962C493CC1000D0492 /* OhMyGiftApp */,
				B913C0952C493CC1000D0492 /* Products */,
			);
			sourceTree = "<group>";
		};
		B913C0952C493CC1000D0492 /* Products */ = {
			isa = PBXGroup;
			children = (
				B913C0942C493CC1000D0492 /* OhMyGiftApp.app */,
			);
			name = Products;
			sourceTree = "<group>";
		};
		B913C0962C493CC1000D0492 /* OhMyGiftApp */ = {
			isa = PBXGroup;
			children = (
				B91F887E2C87A9DE00519376 /* GiftPicker */,
				B9A4D4812C827E6400A75A65 /* UserProfile */,
				B934BD412C71982B004F3B07 /* Model */,
				B934BD3B2C6BB16D004F3B07 /* Utils */,
				B9FE16832C79367200C72A20 /* WishLists */,
				B97BC9232C81499700E7CF8A /* Wishes */,
				B9FE16822C79361F00C72A20 /* Friends */,
				B913C0972C493CC1000D0492 /* OhMyGiftAppApp.swift */,
				B913C0992C493CC1000D0492 /* ContentView.swift */,
				B913C0A52C4940BA000D0492 /* AppMainView.swift */,
				9D19725C2C86DA7800C3685F /* GoogleService-Info.plist */,
				B934BD272C6427C2004F3B07 /* LogInView.swift */,
				B913C09B2C493CC4000D0492 /* Assets.xcassets */,
				B913C09D2C493CC4000D0492 /* Preview Content */,
			);
			path = OhMyGiftApp;
			sourceTree = "<group>";
		};
		B913C09D2C493CC4000D0492 /* Preview Content */ = {
			isa = PBXGroup;
			children = (
				B913C09E2C493CC4000D0492 /* Preview Assets.xcassets */,
			);
			path = "Preview Content";
			sourceTree = "<group>";
		};
		B91F887E2C87A9DE00519376 /* GiftPicker */ = {
			isa = PBXGroup;
			children = (
				B91F887F2C87AA2F00519376 /* GiftPickerView.swift */,
			);
			path = GiftPicker;
			sourceTree = "<group>";
		};
		B934BD3B2C6BB16D004F3B07 /* Utils */ = {
			isa = PBXGroup;
			children = (
				B934BD302C66E431004F3B07 /* ImagePicker.swift */,
				B9FE16A02C7FDCA200C72A20 /* WishListsDummyData.swift */,
				B9FE169E2C7FDC2C00C72A20 /* ButtonView.swift */,
				B9FE169A2C7FD90C00C72A20 /* LoadImageView.swift */,
				B9FE16982C7FD8C000C72A20 /* ImagesRepository.swift */,
				B9FE168C2C7BC13C00C72A20 /* WishListsRepository.swift */,
				B934BD3C2C6BB192004F3B07 /* FirebaseManager.swift */,
				B9FE168E2C7D524E00C72A20 /* ChatUserRepository.swift */,
			);
			path = Utils;
			sourceTree = "<group>";
		};
		B934BD412C71982B004F3B07 /* Model */ = {
			isa = PBXGroup;
			children = (
				B934BD422C719843004F3B07 /* ChatUser.swift */,
				B9FE16902C7E2CCA00C72A20 /* WishListModel.swift */,
				B9FE168A2C7B889C00C72A20 /* WishListViewModel.swift */,
				B9FE16922C7E2D4800C72A20 /* WishModel.swift */,
				B97BC9202C81432000E7CF8A /* WishViewModel.swift */,
				9D9358982C8735160078AE5A /* GiftNameClass.swift */,
			);
			path = Model;
			sourceTree = "<group>";
		};
		B97BC9232C81499700E7CF8A /* Wishes */ = {
			isa = PBXGroup;
			children = (
				B913C0A92C494AB6000D0492 /* WishView.swift */,
				B97BC9242C8149CA00E7CF8A /* WishCardView.swift */,
				B97BC9262C814A3A00E7CF8A /* WishDetailView.swift */,
			);
			path = Wishes;
			sourceTree = "<group>";
		};
		B9A4D4812C827E6400A75A65 /* UserProfile */ = {
			isa = PBXGroup;
			children = (
				B9A4D4842C827ED200A75A65 /* ProfileView.swift */,
			);
			path = UserProfile;
			sourceTree = "<group>";
		};
		B9FE16822C79361F00C72A20 /* Friends */ = {
			isa = PBXGroup;
			children = (
				B934BD442C719DCA004F3B07 /* CreateNewMessageView.swift */,
				B934BD462C742602004F3B07 /* ChatLogView.swift */,
				B934BD392C6A7307004F3B07 /* MainMessagesView.swift */,
			);
			path = Friends;
			sourceTree = "<group>";
		};
		B9FE16832C79367200C72A20 /* WishLists */ = {
			isa = PBXGroup;
			children = (
				B9FE16882C796A8000C72A20 /* WishListView.swift */,
				B913C0A72C494AA4000D0492 /* WishListCardView.swift */,
				B934BD252C6043F6004F3B07 /* WishListDetailView.swift */,
			);
			path = WishLists;
			sourceTree = "<group>";
		};
/* End PBXGroup section */

/* Begin PBXNativeTarget section */
		B913C0932C493CC1000D0492 /* OhMyGiftApp */ = {
			isa = PBXNativeTarget;
			buildConfigurationList = B913C0A22C493CC4000D0492 /* Build configuration list for PBXNativeTarget "OhMyGiftApp" */;
			buildPhases = (
				B913C0902C493CC1000D0492 /* Sources */,
				B913C0912C493CC1000D0492 /* Frameworks */,
				B913C0922C493CC1000D0492 /* Resources */,
			);
			buildRules = (
			);
			dependencies = (
			);
			name = OhMyGiftApp;
			packageProductDependencies = (
				B934BD3F2C6C3883004F3B07 /* SDWebImageSwiftUI */,
				B934BD492C77E718004F3B07 /* FirebaseAuth */,
				B934BD4B2C77E718004F3B07 /* FirebaseFirestore */,
				B934BD4D2C77E718004F3B07 /* FirebaseStorage */,
			);
			productName = OhMyGiftApp;
			productReference = B913C0942C493CC1000D0492 /* OhMyGiftApp.app */;
			productType = "com.apple.product-type.application";
		};
/* End PBXNativeTarget section */

/* Begin PBXProject section */
		B913C08C2C493CC1000D0492 /* Project object */ = {
			isa = PBXProject;
			attributes = {
				BuildIndependentTargetsInParallel = 1;
				LastSwiftUpdateCheck = 1530;
				LastUpgradeCheck = 1530;
				TargetAttributes = {
					B913C0932C493CC1000D0492 = {
						CreatedOnToolsVersion = 15.3;
					};
				};
			};
			buildConfigurationList = B913C08F2C493CC1000D0492 /* Build configuration list for PBXProject "OhMyGiftApp" */;
			compatibilityVersion = "Xcode 14.0";
			developmentRegion = en;
			hasScannedForEncodings = 0;
			knownRegions = (
				en,
				Base,
			);
			mainGroup = B913C08B2C493CC1000D0492;
			packageReferences = (
				B934BD3E2C6C3883004F3B07 /* XCRemoteSwiftPackageReference "SDWebImageSwiftUI" */,
				B934BD482C77E718004F3B07 /* XCRemoteSwiftPackageReference "firebase-ios-sdk" */,
			);
			productRefGroup = B913C0952C493CC1000D0492 /* Products */;
			projectDirPath = "";
			projectRoot = "";
			targets = (
				B913C0932C493CC1000D0492 /* OhMyGiftApp */,
			);
		};
/* End PBXProject section */

/* Begin PBXResourcesBuildPhase section */
		B913C0922C493CC1000D0492 /* Resources */ = {
			isa = PBXResourcesBuildPhase;
			buildActionMask = 2147483647;
			files = (
				B913C09F2C493CC4000D0492 /* Preview Assets.xcassets in Resources */,
				B913C09C2C493CC4000D0492 /* Assets.xcassets in Resources */,
				9D19725D2C86DA7800C3685F /* GoogleService-Info.plist in Resources */,
			);
			runOnlyForDeploymentPostprocessing = 0;
		};
/* End PBXResourcesBuildPhase section */

/* Begin PBXSourcesBuildPhase section */
		B913C0902C493CC1000D0492 /* Sources */ = {
			isa = PBXSourcesBuildPhase;
			buildActionMask = 2147483647;
			files = (
				B934BD3D2C6BB192004F3B07 /* FirebaseManager.swift in Sources */,
				B934BD262C6043F6004F3B07 /* WishListDetailView.swift in Sources */,
				B9FE16912C7E2CCA00C72A20 /* WishListModel.swift in Sources */,
				9D9358992C8735160078AE5A /* GiftNameClass.swift in Sources */,
				B97BC9252C8149CA00E7CF8A /* WishCardView.swift in Sources */,
				B913C09A2C493CC1000D0492 /* ContentView.swift in Sources */,
				B97BC9212C81432000E7CF8A /* WishViewModel.swift in Sources */,
				B913C0A82C494AA4000D0492 /* WishListCardView.swift in Sources */,
				B9FE168F2C7D524E00C72A20 /* ChatUserRepository.swift in Sources */,
				B97BC9272C814A3A00E7CF8A /* WishDetailView.swift in Sources */,
				B91F88802C87AA2F00519376 /* GiftPickerView.swift in Sources */,
				B913C0AA2C494AB6000D0492 /* WishView.swift in Sources */,
				B934BD452C719DCA004F3B07 /* CreateNewMessageView.swift in Sources */,
				B9A4D4852C827ED200A75A65 /* ProfileView.swift in Sources */,
				B9FE16892C796A8000C72A20 /* WishListView.swift in Sources */,
				B934BD282C6427C2004F3B07 /* LogInView.swift in Sources */,
				B934BD432C719843004F3B07 /* ChatUser.swift in Sources */,
				B934BD3A2C6A7307004F3B07 /* MainMessagesView.swift in Sources */,
				B934BD472C742602004F3B07 /* ChatLogView.swift in Sources */,
				B9FE16932C7E2D4800C72A20 /* WishModel.swift in Sources */,
				B934BD312C66E431004F3B07 /* ImagePicker.swift in Sources */,
				B9FE168D2C7BC13C00C72A20 /* WishListsRepository.swift in Sources */,
				B913C0982C493CC1000D0492 /* OhMyGiftAppApp.swift in Sources */,
				B9FE168B2C7B889C00C72A20 /* WishListViewModel.swift in Sources */,
				B9FE16A12C7FDCA200C72A20 /* WishListsDummyData.swift in Sources */,
				B913C0A62C4940BA000D0492 /* AppMainView.swift in Sources */,
				B9FE169F2C7FDC2C00C72A20 /* ButtonView.swift in Sources */,
				B9FE169B2C7FD90C00C72A20 /* LoadImageView.swift in Sources */,
				B9FE16992C7FD8C000C72A20 /* ImagesRepository.swift in Sources */,
			);
			runOnlyForDeploymentPostprocessing = 0;
		};
/* End PBXSourcesBuildPhase section */

/* Begin XCBuildConfiguration section */
		B913C0A02C493CC4000D0492 /* Debug */ = {
			isa = XCBuildConfiguration;
			buildSettings = {
				ALWAYS_SEARCH_USER_PATHS = NO;
				ASSETCATALOG_COMPILER_GENERATE_SWIFT_ASSET_SYMBOL_EXTENSIONS = YES;
				CLANG_ANALYZER_NONNULL = YES;
				CLANG_ANALYZER_NUMBER_OBJECT_CONVERSION = YES_AGGRESSIVE;
				CLANG_CXX_LANGUAGE_STANDARD = "gnu++20";
				CLANG_ENABLE_MODULES = YES;
				CLANG_ENABLE_OBJC_ARC = YES;
				CLANG_ENABLE_OBJC_WEAK = YES;
				CLANG_WARN_BLOCK_CAPTURE_AUTORELEASING = YES;
				CLANG_WARN_BOOL_CONVERSION = YES;
				CLANG_WARN_COMMA = YES;
				CLANG_WARN_CONSTANT_CONVERSION = YES;
				CLANG_WARN_DEPRECATED_OBJC_IMPLEMENTATIONS = YES;
				CLANG_WARN_DIRECT_OBJC_ISA_USAGE = YES_ERROR;
				CLANG_WARN_DOCUMENTATION_COMMENTS = YES;
				CLANG_WARN_EMPTY_BODY = YES;
				CLANG_WARN_ENUM_CONVERSION = YES;
				CLANG_WARN_INFINITE_RECURSION = YES;
				CLANG_WARN_INT_CONVERSION = YES;
				CLANG_WARN_NON_LITERAL_NULL_CONVERSION = YES;
				CLANG_WARN_OBJC_IMPLICIT_RETAIN_SELF = YES;
				CLANG_WARN_OBJC_LITERAL_CONVERSION = YES;
				CLANG_WARN_OBJC_ROOT_CLASS = YES_ERROR;
				CLANG_WARN_QUOTED_INCLUDE_IN_FRAMEWORK_HEADER = YES;
				CLANG_WARN_RANGE_LOOP_ANALYSIS = YES;
				CLANG_WARN_STRICT_PROTOTYPES = YES;
				CLANG_WARN_SUSPICIOUS_MOVE = YES;
				CLANG_WARN_UNGUARDED_AVAILABILITY = YES_AGGRESSIVE;
				CLANG_WARN_UNREACHABLE_CODE = YES;
				CLANG_WARN__DUPLICATE_METHOD_MATCH = YES;
				COPY_PHASE_STRIP = NO;
				DEBUG_INFORMATION_FORMAT = dwarf;
				ENABLE_STRICT_OBJC_MSGSEND = YES;
				ENABLE_TESTABILITY = YES;
				ENABLE_USER_SCRIPT_SANDBOXING = YES;
				GCC_C_LANGUAGE_STANDARD = gnu17;
				GCC_DYNAMIC_NO_PIC = NO;
				GCC_NO_COMMON_BLOCKS = YES;
				GCC_OPTIMIZATION_LEVEL = 0;
				GCC_PREPROCESSOR_DEFINITIONS = (
					"DEBUG=1",
					"$(inherited)",
				);
				GCC_WARN_64_TO_32_BIT_CONVERSION = YES;
				GCC_WARN_ABOUT_RETURN_TYPE = YES_ERROR;
				GCC_WARN_UNDECLARED_SELECTOR = YES;
				GCC_WARN_UNINITIALIZED_AUTOS = YES_AGGRESSIVE;
				GCC_WARN_UNUSED_FUNCTION = YES;
				GCC_WARN_UNUSED_VARIABLE = YES;
				IPHONEOS_DEPLOYMENT_TARGET = 17.0;
				LOCALIZATION_PREFERS_STRING_CATALOGS = YES;
				MTL_ENABLE_DEBUG_INFO = INCLUDE_SOURCE;
				MTL_FAST_MATH = YES;
				ONLY_ACTIVE_ARCH = YES;
				SDKROOT = iphoneos;
				SWIFT_ACTIVE_COMPILATION_CONDITIONS = "DEBUG $(inherited)";
				SWIFT_OPTIMIZATION_LEVEL = "-Onone";
			};
			name = Debug;
		};
		B913C0A12C493CC4000D0492 /* Release */ = {
			isa = XCBuildConfiguration;
			buildSettings = {
				ALWAYS_SEARCH_USER_PATHS = NO;
				ASSETCATALOG_COMPILER_GENERATE_SWIFT_ASSET_SYMBOL_EXTENSIONS = YES;
				CLANG_ANALYZER_NONNULL = YES;
				CLANG_ANALYZER_NUMBER_OBJECT_CONVERSION = YES_AGGRESSIVE;
				CLANG_CXX_LANGUAGE_STANDARD = "gnu++20";
				CLANG_ENABLE_MODULES = YES;
				CLANG_ENABLE_OBJC_ARC = YES;
				CLANG_ENABLE_OBJC_WEAK = YES;
				CLANG_WARN_BLOCK_CAPTURE_AUTORELEASING = YES;
				CLANG_WARN_BOOL_CONVERSION = YES;
				CLANG_WARN_COMMA = YES;
				CLANG_WARN_CONSTANT_CONVERSION = YES;
				CLANG_WARN_DEPRECATED_OBJC_IMPLEMENTATIONS = YES;
				CLANG_WARN_DIRECT_OBJC_ISA_USAGE = YES_ERROR;
				CLANG_WARN_DOCUMENTATION_COMMENTS = YES;
				CLANG_WARN_EMPTY_BODY = YES;
				CLANG_WARN_ENUM_CONVERSION = YES;
				CLANG_WARN_INFINITE_RECURSION = YES;
				CLANG_WARN_INT_CONVERSION = YES;
				CLANG_WARN_NON_LITERAL_NULL_CONVERSION = YES;
				CLANG_WARN_OBJC_IMPLICIT_RETAIN_SELF = YES;
				CLANG_WARN_OBJC_LITERAL_CONVERSION = YES;
				CLANG_WARN_OBJC_ROOT_CLASS = YES_ERROR;
				CLANG_WARN_QUOTED_INCLUDE_IN_FRAMEWORK_HEADER = YES;
				CLANG_WARN_RANGE_LOOP_ANALYSIS = YES;
				CLANG_WARN_STRICT_PROTOTYPES = YES;
				CLANG_WARN_SUSPICIOUS_MOVE = YES;
				CLANG_WARN_UNGUARDED_AVAILABILITY = YES_AGGRESSIVE;
				CLANG_WARN_UNREACHABLE_CODE = YES;
				CLANG_WARN__DUPLICATE_METHOD_MATCH = YES;
				COPY_PHASE_STRIP = NO;
				DEBUG_INFORMATION_FORMAT = "dwarf-with-dsym";
				ENABLE_NS_ASSERTIONS = NO;
				ENABLE_STRICT_OBJC_MSGSEND = YES;
				ENABLE_USER_SCRIPT_SANDBOXING = YES;
				GCC_C_LANGUAGE_STANDARD = gnu17;
				GCC_NO_COMMON_BLOCKS = YES;
				GCC_WARN_64_TO_32_BIT_CONVERSION = YES;
				GCC_WARN_ABOUT_RETURN_TYPE = YES_ERROR;
				GCC_WARN_UNDECLARED_SELECTOR = YES;
				GCC_WARN_UNINITIALIZED_AUTOS = YES_AGGRESSIVE;
				GCC_WARN_UNUSED_FUNCTION = YES;
				GCC_WARN_UNUSED_VARIABLE = YES;
				IPHONEOS_DEPLOYMENT_TARGET = 17.0;
				LOCALIZATION_PREFERS_STRING_CATALOGS = YES;
				MTL_ENABLE_DEBUG_INFO = NO;
				MTL_FAST_MATH = YES;
				SDKROOT = iphoneos;
				SWIFT_COMPILATION_MODE = wholemodule;
				VALIDATE_PRODUCT = YES;
			};
			name = Release;
		};
		B913C0A32C493CC4000D0492 /* Debug */ = {
			isa = XCBuildConfiguration;
			buildSettings = {
				ASSETCATALOG_COMPILER_APPICON_NAME = AppIcon;
				ASSETCATALOG_COMPILER_GLOBAL_ACCENT_COLOR_NAME = AccentColor;
				CODE_SIGN_STYLE = Automatic;
				CURRENT_PROJECT_VERSION = 1;
				DEVELOPMENT_ASSET_PATHS = "\"OhMyGiftApp/Preview Content\"";
				DEVELOPMENT_TEAM = WXVZ7AA2UP;
				ENABLE_PREVIEWS = YES;
				GENERATE_INFOPLIST_FILE = YES;
				INFOPLIST_KEY_UIApplicationSceneManifest_Generation = YES;
				INFOPLIST_KEY_UIApplicationSupportsIndirectInputEvents = YES;
				INFOPLIST_KEY_UILaunchScreen_Generation = YES;
				INFOPLIST_KEY_UISupportedInterfaceOrientations_iPad = "UIInterfaceOrientationPortrait UIInterfaceOrientationPortraitUpsideDown UIInterfaceOrientationLandscapeLeft UIInterfaceOrientationLandscapeRight";
				INFOPLIST_KEY_UISupportedInterfaceOrientations_iPhone = "UIInterfaceOrientationPortrait UIInterfaceOrientationLandscapeLeft UIInterfaceOrientationLandscapeRight";
				LD_RUNPATH_SEARCH_PATHS = (
					"$(inherited)",
					"@executable_path/Frameworks",
				);
				MARKETING_VERSION = 1.0;
				PRODUCT_BUNDLE_IDENTIFIER = com.charlenewu.OhMyGiftApp;
				PRODUCT_NAME = "$(TARGET_NAME)";
				SWIFT_EMIT_LOC_STRINGS = YES;
				SWIFT_VERSION = 5.0;
				TARGETED_DEVICE_FAMILY = "1,2";
			};
			name = Debug;
		};
		B913C0A42C493CC4000D0492 /* Release */ = {
			isa = XCBuildConfiguration;
			buildSettings = {
				ASSETCATALOG_COMPILER_APPICON_NAME = AppIcon;
				ASSETCATALOG_COMPILER_GLOBAL_ACCENT_COLOR_NAME = AccentColor;
				CODE_SIGN_STYLE = Automatic;
				CURRENT_PROJECT_VERSION = 1;
				DEVELOPMENT_ASSET_PATHS = "\"OhMyGiftApp/Preview Content\"";
				DEVELOPMENT_TEAM = WXVZ7AA2UP;
				ENABLE_PREVIEWS = YES;
				GENERATE_INFOPLIST_FILE = YES;
				INFOPLIST_KEY_UIApplicationSceneManifest_Generation = YES;
				INFOPLIST_KEY_UIApplicationSupportsIndirectInputEvents = YES;
				INFOPLIST_KEY_UILaunchScreen_Generation = YES;
				INFOPLIST_KEY_UISupportedInterfaceOrientations_iPad = "UIInterfaceOrientationPortrait UIInterfaceOrientationPortraitUpsideDown UIInterfaceOrientationLandscapeLeft UIInterfaceOrientationLandscapeRight";
				INFOPLIST_KEY_UISupportedInterfaceOrientations_iPhone = "UIInterfaceOrientationPortrait UIInterfaceOrientationLandscapeLeft UIInterfaceOrientationLandscapeRight";
				LD_RUNPATH_SEARCH_PATHS = (
					"$(inherited)",
					"@executable_path/Frameworks",
				);
				MARKETING_VERSION = 1.0;
				PRODUCT_BUNDLE_IDENTIFIER = com.charlenewu.OhMyGiftApp;
				PRODUCT_NAME = "$(TARGET_NAME)";
				SWIFT_EMIT_LOC_STRINGS = YES;
				SWIFT_VERSION = 5.0;
				TARGETED_DEVICE_FAMILY = "1,2";
			};
			name = Release;
		};
/* End XCBuildConfiguration section */

/* Begin XCConfigurationList section */
		B913C08F2C493CC1000D0492 /* Build configuration list for PBXProject "OhMyGiftApp" */ = {
			isa = XCConfigurationList;
			buildConfigurations = (
				B913C0A02C493CC4000D0492 /* Debug */,
				B913C0A12C493CC4000D0492 /* Release */,
			);
			defaultConfigurationIsVisible = 0;
			defaultConfigurationName = Release;
		};
		B913C0A22C493CC4000D0492 /* Build configuration list for PBXNativeTarget "OhMyGiftApp" */ = {
			isa = XCConfigurationList;
			buildConfigurations = (
				B913C0A32C493CC4000D0492 /* Debug */,
				B913C0A42C493CC4000D0492 /* Release */,
			);
			defaultConfigurationIsVisible = 0;
			defaultConfigurationName = Release;
		};
/* End XCConfigurationList section */

/* Begin XCRemoteSwiftPackageReference section */
		B934BD3E2C6C3883004F3B07 /* XCRemoteSwiftPackageReference "SDWebImageSwiftUI" */ = {
			isa = XCRemoteSwiftPackageReference;
			repositoryURL = "https://github.com/SDWebImage/SDWebImageSwiftUI";
			requirement = {
				kind = upToNextMajorVersion;
				minimumVersion = 3.1.1;
			};
		};
		B934BD482C77E718004F3B07 /* XCRemoteSwiftPackageReference "firebase-ios-sdk" */ = {
			isa = XCRemoteSwiftPackageReference;
			repositoryURL = "https://github.com/firebase/firebase-ios-sdk.git";
			requirement = {
				kind = upToNextMajorVersion;
				minimumVersion = 11.1.0;
			};
		};
/* End XCRemoteSwiftPackageReference section */

/* Begin XCSwiftPackageProductDependency section */
		B934BD3F2C6C3883004F3B07 /* SDWebImageSwiftUI */ = {
			isa = XCSwiftPackageProductDependency;
			package = B934BD3E2C6C3883004F3B07 /* XCRemoteSwiftPackageReference "SDWebImageSwiftUI" */;
			productName = SDWebImageSwiftUI;
		};
		B934BD492C77E718004F3B07 /* FirebaseAuth */ = {
			isa = XCSwiftPackageProductDependency;
			package = B934BD482C77E718004F3B07 /* XCRemoteSwiftPackageReference "firebase-ios-sdk" */;
			productName = FirebaseAuth;
		};
		B934BD4B2C77E718004F3B07 /* FirebaseFirestore */ = {
			isa = XCSwiftPackageProductDependency;
			package = B934BD482C77E718004F3B07 /* XCRemoteSwiftPackageReference "firebase-ios-sdk" */;
			productName = FirebaseFirestore;
		};
		B934BD4D2C77E718004F3B07 /* FirebaseStorage */ = {
			isa = XCSwiftPackageProductDependency;
			package = B934BD482C77E718004F3B07 /* XCRemoteSwiftPackageReference "firebase-ios-sdk" */;
			productName = FirebaseStorage;
		};
/* End XCSwiftPackageProductDependency section */
	};
	rootObject = B913C08C2C493CC1000D0492 /* Project object */;
}
